// !$*UTF8*$!
{
	archiveVersion = 1;
	classes = {
	};
	objectVersion = 56;
	objects = {

/* Begin PBXBuildFile section */
		6E08E39D2AA0909D001FF48A /* DelegateDataPassViewController.swift in Sources */ = {isa = PBXBuildFile; fileRef = 6E08E39C2AA0909D001FF48A /* DelegateDataPassViewController.swift */; };
		6E08E39F2AA0A712001FF48A /* ViewController.swift in Sources */ = {isa = PBXBuildFile; fileRef = 6E08E39E2AA0A712001FF48A /* ViewController.swift */; };
		6E08E3A22AA0CF06001FF48A /* ClosureDataPassViewControll.swift in Sources */ = {isa = PBXBuildFile; fileRef = 6E08E3A12AA0CF06001FF48A /* ClosureDataPassViewControll.swift */; };
		6E19F41C2A9DD5CA0011458E /* AppDelegate.swift in Sources */ = {isa = PBXBuildFile; fileRef = 6E19F41B2A9DD5CA0011458E /* AppDelegate.swift */; };
		6E19F41E2A9DD5CA0011458E /* SceneDelegate.swift in Sources */ = {isa = PBXBuildFile; fileRef = 6E19F41D2A9DD5CA0011458E /* SceneDelegate.swift */; };
		6E19F4252A9DD5CC0011458E /* Assets.xcassets in Resources */ = {isa = PBXBuildFile; fileRef = 6E19F4242A9DD5CC0011458E /* Assets.xcassets */; };
		6E19F4282A9DD5CC0011458E /* LaunchScreen.storyboard in Resources */ = {isa = PBXBuildFile; fileRef = 6E19F4262A9DD5CC0011458E /* LaunchScreen.storyboard */; };
		6E19F4312A9DE3410011458E /* Alamofire in Frameworks */ = {isa = PBXBuildFile; productRef = 6E19F4302A9DE3410011458E /* Alamofire */; };
		6E19F4342A9DE34E0011458E /* SnapKit in Frameworks */ = {isa = PBXBuildFile; productRef = 6E19F4332A9DE34E0011458E /* SnapKit */; };
		6E19F4362A9DEA5A0011458E /* NotificationViewController.swift in Sources */ = {isa = PBXBuildFile; fileRef = 6E19F4352A9DEA5A0011458E /* NotificationViewController.swift */; };
		6E19F43A2A9E07ED0011458E /* DelegateViewController.swift in Sources */ = {isa = PBXBuildFile; fileRef = 6E19F4392A9E07ED0011458E /* DelegateViewController.swift */; };
		6E19F43D2A9E08360011458E /* SecondBaseViewController.swift in Sources */ = {isa = PBXBuildFile; fileRef = 6E19F43C2A9E08360011458E /* SecondBaseViewController.swift */; };
		6E19F43F2A9E40190011458E /* ClosureViewController.swift in Sources */ = {isa = PBXBuildFile; fileRef = 6E19F43E2A9E40190011458E /* ClosureViewController.swift */; };
		6E19F4482A9EFDBD0011458E /* APIService.swift in Sources */ = {isa = PBXBuildFile; fileRef = 6E19F4472A9EFDBD0011458E /* APIService.swift */; };
		6E19F44A2A9F00C60011458E /* URLSessionViewController.swift in Sources */ = {isa = PBXBuildFile; fileRef = 6E19F4492A9F00C60011458E /* URLSessionViewController.swift */; };
		6E19F44E2A9F4C120011458E /* MainProfileSettingViewController.swift in Sources */ = {isa = PBXBuildFile; fileRef = 6E19F44D2A9F4C120011458E /* MainProfileSettingViewController.swift */; };
		6E19F4502A9F594B0011458E /* MainTableViewCell.swift in Sources */ = {isa = PBXBuildFile; fileRef = 6E19F44F2A9F594B0011458E /* MainTableViewCell.swift */; };
		6E19F4532A9F65CA0011458E /* DetailSettingBaseViewController.swift in Sources */ = {isa = PBXBuildFile; fileRef = 6E19F4522A9F65CA0011458E /* DetailSettingBaseViewController.swift */; };
		6E19F4562A9F6C440011458E /* ChangeNameNotification.swift in Sources */ = {isa = PBXBuildFile; fileRef = 6E19F4552A9F6C440011458E /* ChangeNameNotification.swift */; };
/* End PBXBuildFile section */

/* Begin PBXFileReference section */
		6E08E39C2AA0909D001FF48A /* DelegateDataPassViewController.swift */ = {isa = PBXFileReference; lastKnownFileType = sourcecode.swift; path = DelegateDataPassViewController.swift; sourceTree = "<group>"; };
		6E08E39E2AA0A712001FF48A /* ViewController.swift */ = {isa = PBXFileReference; fileEncoding = 4; lastKnownFileType = sourcecode.swift; path = ViewController.swift; sourceTree = "<group>"; };
		6E08E3A12AA0CF06001FF48A /* ClosureDataPassViewControll.swift */ = {isa = PBXFileReference; lastKnownFileType = sourcecode.swift; path = ClosureDataPassViewControll.swift; sourceTree = "<group>"; };
		6E19F4182A9DD5CA0011458E /* PassDataProject.app */ = {isa = PBXFileReference; explicitFileType = wrapper.application; includeInIndex = 0; path = PassDataProject.app; sourceTree = BUILT_PRODUCTS_DIR; };
		6E19F41B2A9DD5CA0011458E /* AppDelegate.swift */ = {isa = PBXFileReference; lastKnownFileType = sourcecode.swift; path = AppDelegate.swift; sourceTree = "<group>"; };
		6E19F41D2A9DD5CA0011458E /* SceneDelegate.swift */ = {isa = PBXFileReference; lastKnownFileType = sourcecode.swift; path = SceneDelegate.swift; sourceTree = "<group>"; };
		6E19F4242A9DD5CC0011458E /* Assets.xcassets */ = {isa = PBXFileReference; lastKnownFileType = folder.assetcatalog; path = Assets.xcassets; sourceTree = "<group>"; };
		6E19F4272A9DD5CC0011458E /* Base */ = {isa = PBXFileReference; lastKnownFileType = file.storyboard; name = Base; path = Base.lproj/LaunchScreen.storyboard; sourceTree = "<group>"; };
		6E19F4292A9DD5CC0011458E /* Info.plist */ = {isa = PBXFileReference; lastKnownFileType = text.plist.xml; path = Info.plist; sourceTree = "<group>"; };
		6E19F4352A9DEA5A0011458E /* NotificationViewController.swift */ = {isa = PBXFileReference; lastKnownFileType = sourcecode.swift; path = NotificationViewController.swift; sourceTree = "<group>"; };
		6E19F4392A9E07ED0011458E /* DelegateViewController.swift */ = {isa = PBXFileReference; lastKnownFileType = sourcecode.swift; path = DelegateViewController.swift; sourceTree = "<group>"; };
		6E19F43C2A9E08360011458E /* SecondBaseViewController.swift */ = {isa = PBXFileReference; lastKnownFileType = sourcecode.swift; path = SecondBaseViewController.swift; sourceTree = "<group>"; };
		6E19F43E2A9E40190011458E /* ClosureViewController.swift */ = {isa = PBXFileReference; lastKnownFileType = sourcecode.swift; path = ClosureViewController.swift; sourceTree = "<group>"; };
		6E19F4472A9EFDBD0011458E /* APIService.swift */ = {isa = PBXFileReference; lastKnownFileType = sourcecode.swift; path = APIService.swift; sourceTree = "<group>"; };
		6E19F4492A9F00C60011458E /* URLSessionViewController.swift */ = {isa = PBXFileReference; lastKnownFileType = sourcecode.swift; path = URLSessionViewController.swift; sourceTree = "<group>"; };
		6E19F44D2A9F4C120011458E /* MainProfileSettingViewController.swift */ = {isa = PBXFileReference; lastKnownFileType = sourcecode.swift; path = MainProfileSettingViewController.swift; sourceTree = "<group>"; };
		6E19F44F2A9F594B0011458E /* MainTableViewCell.swift */ = {isa = PBXFileReference; lastKnownFileType = sourcecode.swift; path = MainTableViewCell.swift; sourceTree = "<group>"; };
		6E19F4522A9F65CA0011458E /* DetailSettingBaseViewController.swift */ = {isa = PBXFileReference; lastKnownFileType = sourcecode.swift; path = DetailSettingBaseViewController.swift; sourceTree = "<group>"; };
		6E19F4552A9F6C440011458E /* ChangeNameNotification.swift */ = {isa = PBXFileReference; lastKnownFileType = sourcecode.swift; path = ChangeNameNotification.swift; sourceTree = "<group>"; };
/* End PBXFileReference section */

/* Begin PBXFrameworksBuildPhase section */
		6E19F4152A9DD5CA0011458E /* Frameworks */ = {
			isa = PBXFrameworksBuildPhase;
			buildActionMask = 2147483647;
			files = (
				6E19F4312A9DE3410011458E /* Alamofire in Frameworks */,
				6E19F4342A9DE34E0011458E /* SnapKit in Frameworks */,
			);
			runOnlyForDeploymentPostprocessing = 0;
		};
/* End PBXFrameworksBuildPhase section */

/* Begin PBXGroup section */
		6E08E39B2AA0905B001FF48A /* DelegateDataPass */ = {
			isa = PBXGroup;
			children = (
				6E08E39C2AA0909D001FF48A /* DelegateDataPassViewController.swift */,
			);
			path = DelegateDataPass;
			sourceTree = "<group>";
		};
		6E08E3A02AA0CEAB001FF48A /* Closure */ = {
			isa = PBXGroup;
			children = (
				6E08E3A12AA0CF06001FF48A /* ClosureDataPassViewControll.swift */,
			);
			path = Closure;
			sourceTree = "<group>";
		};
		6E19F40F2A9DD5CA0011458E = {
			isa = PBXGroup;
			children = (
				6E19F41A2A9DD5CA0011458E /* PassDataProject */,
				6E19F4192A9DD5CA0011458E /* Products */,
			);
			sourceTree = "<group>";
		};
		6E19F4192A9DD5CA0011458E /* Products */ = {
			isa = PBXGroup;
			children = (
				6E19F4182A9DD5CA0011458E /* PassDataProject.app */,
			);
			name = Products;
			sourceTree = "<group>";
		};
		6E19F41A2A9DD5CA0011458E /* PassDataProject */ = {
			isa = PBXGroup;
			children = (
				6E19F44B2A9F4AB30011458E /* TESTPassData */,
				6E19F44C2A9F4ADD0011458E /* instargram */,
				6E19F41B2A9DD5CA0011458E /* AppDelegate.swift */,
				6E19F41D2A9DD5CA0011458E /* SceneDelegate.swift */,
				6E19F4242A9DD5CC0011458E /* Assets.xcassets */,
				6E19F4262A9DD5CC0011458E /* LaunchScreen.storyboard */,
				6E19F4292A9DD5CC0011458E /* Info.plist */,
			);
			path = PassDataProject;
			sourceTree = "<group>";
		};
		6E19F4372A9E077F0011458E /* Notification */ = {
			isa = PBXGroup;
			children = (
				6E19F4352A9DEA5A0011458E /* NotificationViewController.swift */,
			);
			path = Notification;
			sourceTree = "<group>";
		};
		6E19F4382A9E07C50011458E /* Delegate */ = {
			isa = PBXGroup;
			children = (
				6E19F4392A9E07ED0011458E /* DelegateViewController.swift */,
			);
			path = Delegate;
			sourceTree = "<group>";
		};
		6E19F43B2A9E08070011458E /* secondBase */ = {
			isa = PBXGroup;
			children = (
				6E19F43C2A9E08360011458E /* SecondBaseViewController.swift */,
			);
			path = secondBase;
			sourceTree = "<group>";
		};
		6E19F4402A9E40940011458E /* Closure */ = {
			isa = PBXGroup;
			children = (
				6E19F43E2A9E40190011458E /* ClosureViewController.swift */,
			);
			path = Closure;
			sourceTree = "<group>";
		};
		6E19F4462A9EFD990011458E /* Network */ = {
			isa = PBXGroup;
			children = (
				6E19F4472A9EFDBD0011458E /* APIService.swift */,
				6E19F4492A9F00C60011458E /* URLSessionViewController.swift */,
			);
			path = Network;
			sourceTree = "<group>";
		};
		6E19F44B2A9F4AB30011458E /* TESTPassData */ = {
			isa = PBXGroup;
			children = (
				6E08E39E2AA0A712001FF48A /* ViewController.swift */,
				6E19F4372A9E077F0011458E /* Notification */,
				6E19F4382A9E07C50011458E /* Delegate */,
				6E19F43B2A9E08070011458E /* secondBase */,
				6E19F4402A9E40940011458E /* Closure */,
				6E19F4462A9EFD990011458E /* Network */,
			);
			path = TESTPassData;
			sourceTree = "<group>";
		};
		6E19F44C2A9F4ADD0011458E /* instargram */ = {
			isa = PBXGroup;
			children = (
				6E08E3A02AA0CEAB001FF48A /* Closure */,
				6E08E39B2AA0905B001FF48A /* DelegateDataPass */,
				6E19F4542A9F6B4B0011458E /* NameNotificaitonDataPass */,
				6E19F4512A9F65990011458E /* DetailSettingBase */,
				6E19F44D2A9F4C120011458E /* MainProfileSettingViewController.swift */,
				6E19F44F2A9F594B0011458E /* MainTableViewCell.swift */,
			);
			path = instargram;
			sourceTree = "<group>";
		};
		6E19F4512A9F65990011458E /* DetailSettingBase */ = {
			isa = PBXGroup;
			children = (
				6E19F4522A9F65CA0011458E /* DetailSettingBaseViewController.swift */,
			);
			path = DetailSettingBase;
			sourceTree = "<group>";
		};
		6E19F4542A9F6B4B0011458E /* NameNotificaitonDataPass */ = {
			isa = PBXGroup;
			children = (
				6E19F4552A9F6C440011458E /* ChangeNameNotification.swift */,
			);
			path = NameNotificaitonDataPass;
			sourceTree = "<group>";
		};
/* End PBXGroup section */

/* Begin PBXNativeTarget section */
		6E19F4172A9DD5CA0011458E /* PassDataProject */ = {
			isa = PBXNativeTarget;
			buildConfigurationList = 6E19F42C2A9DD5CC0011458E /* Build configuration list for PBXNativeTarget "PassDataProject" */;
			buildPhases = (
				6E19F4142A9DD5CA0011458E /* Sources */,
				6E19F4152A9DD5CA0011458E /* Frameworks */,
				6E19F4162A9DD5CA0011458E /* Resources */,
			);
			buildRules = (
			);
			dependencies = (
			);
			name = PassDataProject;
			packageProductDependencies = (
				6E19F4302A9DE3410011458E /* Alamofire */,
				6E19F4332A9DE34E0011458E /* SnapKit */,
			);
			productName = PassDataProject;
			productReference = 6E19F4182A9DD5CA0011458E /* PassDataProject.app */;
			productType = "com.apple.product-type.application";
		};
/* End PBXNativeTarget section */

/* Begin PBXProject section */
		6E19F4102A9DD5CA0011458E /* Project object */ = {
			isa = PBXProject;
			attributes = {
				BuildIndependentTargetsInParallel = 1;
				LastSwiftUpdateCheck = 1430;
				LastUpgradeCheck = 1430;
				TargetAttributes = {
					6E19F4172A9DD5CA0011458E = {
						CreatedOnToolsVersion = 14.3.1;
					};
				};
			};
			buildConfigurationList = 6E19F4132A9DD5CA0011458E /* Build configuration list for PBXProject "PassDataProject" */;
			compatibilityVersion = "Xcode 14.0";
			developmentRegion = en;
			hasScannedForEncodings = 0;
			knownRegions = (
				en,
				Base,
			);
			mainGroup = 6E19F40F2A9DD5CA0011458E;
			packageReferences = (
				6E19F42F2A9DE3410011458E /* XCRemoteSwiftPackageReference "Alamofire" */,
				6E19F4322A9DE34E0011458E /* XCRemoteSwiftPackageReference "SnapKit" */,
			);
			productRefGroup = 6E19F4192A9DD5CA0011458E /* Products */;
			projectDirPath = "";
			projectRoot = "";
			targets = (
				6E19F4172A9DD5CA0011458E /* PassDataProject */,
			);
		};
/* End PBXProject section */

/* Begin PBXResourcesBuildPhase section */
		6E19F4162A9DD5CA0011458E /* Resources */ = {
			isa = PBXResourcesBuildPhase;
			buildActionMask = 2147483647;
			files = (
				6E19F4282A9DD5CC0011458E /* LaunchScreen.storyboard in Resources */,
				6E19F4252A9DD5CC0011458E /* Assets.xcassets in Resources */,
			);
			runOnlyForDeploymentPostprocessing = 0;
		};
/* End PBXResourcesBuildPhase section */

/* Begin PBXSourcesBuildPhase section */
		6E19F4142A9DD5CA0011458E /* Sources */ = {
			isa = PBXSourcesBuildPhase;
			buildActionMask = 2147483647;
			files = (
				6E19F4502A9F594B0011458E /* MainTableViewCell.swift in Sources */,
				6E19F4532A9F65CA0011458E /* DetailSettingBaseViewController.swift in Sources */,
				6E19F43F2A9E40190011458E /* ClosureViewController.swift in Sources */,
				6E19F43A2A9E07ED0011458E /* DelegateViewController.swift in Sources */,
				6E08E39F2AA0A712001FF48A /* ViewController.swift in Sources */,
				6E08E3A22AA0CF06001FF48A /* ClosureDataPassViewControll.swift in Sources */,
				6E19F4362A9DEA5A0011458E /* NotificationViewController.swift in Sources */,
				6E19F44A2A9F00C60011458E /* URLSessionViewController.swift in Sources */,
				6E19F43D2A9E08360011458E /* SecondBaseViewController.swift in Sources */,
				6E19F41C2A9DD5CA0011458E /* AppDelegate.swift in Sources */,
				6E19F4482A9EFDBD0011458E /* APIService.swift in Sources */,
				6E19F44E2A9F4C120011458E /* MainProfileSettingViewController.swift in Sources */,
				6E19F4562A9F6C440011458E /* ChangeNameNotification.swift in Sources */,
				6E08E39D2AA0909D001FF48A /* DelegateDataPassViewController.swift in Sources */,
				6E19F41E2A9DD5CA0011458E /* SceneDelegate.swift in Sources */,
			);
			runOnlyForDeploymentPostprocessing = 0;
		};
/* End PBXSourcesBuildPhase section */

/* Begin PBXVariantGroup section */
		6E19F4262A9DD5CC0011458E /* LaunchScreen.storyboard */ = {
			isa = PBXVariantGroup;
			children = (
				6E19F4272A9DD5CC0011458E /* Base */,
			);
			name = LaunchScreen.storyboard;
			sourceTree = "<group>";
		};
/* End PBXVariantGroup section */

/* Begin XCBuildConfiguration section */
		6E19F42A2A9DD5CC0011458E /* Debug */ = {
			isa = XCBuildConfiguration;
			buildSettings = {
				ALWAYS_SEARCH_USER_PATHS = NO;
				CLANG_ANALYZER_NONNULL = YES;
				CLANG_ANALYZER_NUMBER_OBJECT_CONVERSION = YES_AGGRESSIVE;
				CLANG_CXX_LANGUAGE_STANDARD = "gnu++20";
				CLANG_ENABLE_MODULES = YES;
				CLANG_ENABLE_OBJC_ARC = YES;
				CLANG_ENABLE_OBJC_WEAK = YES;
				CLANG_WARN_BLOCK_CAPTURE_AUTORELEASING = YES;
				CLANG_WARN_BOOL_CONVERSION = YES;
				CLANG_WARN_COMMA = YES;
				CLANG_WARN_CONSTANT_CONVERSION = YES;
				CLANG_WARN_DEPRECATED_OBJC_IMPLEMENTATIONS = YES;
				CLANG_WARN_DIRECT_OBJC_ISA_USAGE = YES_ERROR;
				CLANG_WARN_DOCUMENTATION_COMMENTS = YES;
				CLANG_WARN_EMPTY_BODY = YES;
				CLANG_WARN_ENUM_CONVERSION = YES;
				CLANG_WARN_INFINITE_RECURSION = YES;
				CLANG_WARN_INT_CONVERSION = YES;
				CLANG_WARN_NON_LITERAL_NULL_CONVERSION = YES;
				CLANG_WARN_OBJC_IMPLICIT_RETAIN_SELF = YES;
				CLANG_WARN_OBJC_LITERAL_CONVERSION = YES;
				CLANG_WARN_OBJC_ROOT_CLASS = YES_ERROR;
				CLANG_WARN_QUOTED_INCLUDE_IN_FRAMEWORK_HEADER = YES;
				CLANG_WARN_RANGE_LOOP_ANALYSIS = YES;
				CLANG_WARN_STRICT_PROTOTYPES = YES;
				CLANG_WARN_SUSPICIOUS_MOVE = YES;
				CLANG_WARN_UNGUARDED_AVAILABILITY = YES_AGGRESSIVE;
				CLANG_WARN_UNREACHABLE_CODE = YES;
				CLANG_WARN__DUPLICATE_METHOD_MATCH = YES;
				COPY_PHASE_STRIP = NO;
				DEBUG_INFORMATION_FORMAT = dwarf;
				ENABLE_STRICT_OBJC_MSGSEND = YES;
				ENABLE_TESTABILITY = YES;
				GCC_C_LANGUAGE_STANDARD = gnu11;
				GCC_DYNAMIC_NO_PIC = NO;
				GCC_NO_COMMON_BLOCKS = YES;
				GCC_OPTIMIZATION_LEVEL = 0;
				GCC_PREPROCESSOR_DEFINITIONS = (
					"DEBUG=1",
					"$(inherited)",
				);
				GCC_WARN_64_TO_32_BIT_CONVERSION = YES;
				GCC_WARN_ABOUT_RETURN_TYPE = YES_ERROR;
				GCC_WARN_UNDECLARED_SELECTOR = YES;
				GCC_WARN_UNINITIALIZED_AUTOS = YES_AGGRESSIVE;
				GCC_WARN_UNUSED_FUNCTION = YES;
				GCC_WARN_UNUSED_VARIABLE = YES;
				IPHONEOS_DEPLOYMENT_TARGET = 16.4;
				MTL_ENABLE_DEBUG_INFO = INCLUDE_SOURCE;
				MTL_FAST_MATH = YES;
				ONLY_ACTIVE_ARCH = YES;
				SDKROOT = iphoneos;
				SWIFT_ACTIVE_COMPILATION_CONDITIONS = DEBUG;
				SWIFT_OPTIMIZATION_LEVEL = "-Onone";
			};
			name = Debug;
		};
		6E19F42B2A9DD5CC0011458E /* Release */ = {
			isa = XCBuildConfiguration;
			buildSettings = {
				ALWAYS_SEARCH_USER_PATHS = NO;
				CLANG_ANALYZER_NONNULL = YES;
				CLANG_ANALYZER_NUMBER_OBJECT_CONVERSION = YES_AGGRESSIVE;
				CLANG_CXX_LANGUAGE_STANDARD = "gnu++20";
				CLANG_ENABLE_MODULES = YES;
				CLANG_ENABLE_OBJC_ARC = YES;
				CLANG_ENABLE_OBJC_WEAK = YES;
				CLANG_WARN_BLOCK_CAPTURE_AUTORELEASING = YES;
				CLANG_WARN_BOOL_CONVERSION = YES;
				CLANG_WARN_COMMA = YES;
				CLANG_WARN_CONSTANT_CONVERSION = YES;
				CLANG_WARN_DEPRECATED_OBJC_IMPLEMENTATIONS = YES;
				CLANG_WARN_DIRECT_OBJC_ISA_USAGE = YES_ERROR;
				CLANG_WARN_DOCUMENTATION_COMMENTS = YES;
				CLANG_WARN_EMPTY_BODY = YES;
				CLANG_WARN_ENUM_CONVERSION = YES;
				CLANG_WARN_INFINITE_RECURSION = YES;
				CLANG_WARN_INT_CONVERSION = YES;
				CLANG_WARN_NON_LITERAL_NULL_CONVERSION = YES;
				CLANG_WARN_OBJC_IMPLICIT_RETAIN_SELF = YES;
				CLANG_WARN_OBJC_LITERAL_CONVERSION = YES;
				CLANG_WARN_OBJC_ROOT_CLASS = YES_ERROR;
				CLANG_WARN_QUOTED_INCLUDE_IN_FRAMEWORK_HEADER = YES;
				CLANG_WARN_RANGE_LOOP_ANALYSIS = YES;
				CLANG_WARN_STRICT_PROTOTYPES = YES;
				CLANG_WARN_SUSPICIOUS_MOVE = YES;
				CLANG_WARN_UNGUARDED_AVAILABILITY = YES_AGGRESSIVE;
				CLANG_WARN_UNREACHABLE_CODE = YES;
				CLANG_WARN__DUPLICATE_METHOD_MATCH = YES;
				COPY_PHASE_STRIP = NO;
				DEBUG_INFORMATION_FORMAT = "dwarf-with-dsym";
				ENABLE_NS_ASSERTIONS = NO;
				ENABLE_STRICT_OBJC_MSGSEND = YES;
				GCC_C_LANGUAGE_STANDARD = gnu11;
				GCC_NO_COMMON_BLOCKS = YES;
				GCC_WARN_64_TO_32_BIT_CONVERSION = YES;
				GCC_WARN_ABOUT_RETURN_TYPE = YES_ERROR;
				GCC_WARN_UNDECLARED_SELECTOR = YES;
				GCC_WARN_UNINITIALIZED_AUTOS = YES_AGGRESSIVE;
				GCC_WARN_UNUSED_FUNCTION = YES;
				GCC_WARN_UNUSED_VARIABLE = YES;
				IPHONEOS_DEPLOYMENT_TARGET = 16.4;
				MTL_ENABLE_DEBUG_INFO = NO;
				MTL_FAST_MATH = YES;
				SDKROOT = iphoneos;
				SWIFT_COMPILATION_MODE = wholemodule;
				SWIFT_OPTIMIZATION_LEVEL = "-O";
				VALIDATE_PRODUCT = YES;
			};
			name = Release;
		};
		6E19F42D2A9DD5CC0011458E /* Debug */ = {
			isa = XCBuildConfiguration;
			buildSettings = {
				ASSETCATALOG_COMPILER_APPICON_NAME = AppIcon;
				ASSETCATALOG_COMPILER_GLOBAL_ACCENT_COLOR_NAME = AccentColor;
				CODE_SIGN_STYLE = Automatic;
				CURRENT_PROJECT_VERSION = 1;
				DEVELOPMENT_TEAM = B24G869DB7;
				GENERATE_INFOPLIST_FILE = YES;
				INFOPLIST_FILE = PassDataProject/Info.plist;
				INFOPLIST_KEY_UIApplicationSupportsIndirectInputEvents = YES;
				INFOPLIST_KEY_UILaunchStoryboardName = LaunchScreen;
				INFOPLIST_KEY_UISupportedInterfaceOrientations_iPad = "UIInterfaceOrientationPortrait UIInterfaceOrientationPortraitUpsideDown UIInterfaceOrientationLandscapeLeft UIInterfaceOrientationLandscapeRight";
				INFOPLIST_KEY_UISupportedInterfaceOrientations_iPhone = "UIInterfaceOrientationPortrait UIInterfaceOrientationLandscapeLeft UIInterfaceOrientationLandscapeRight";
				LD_RUNPATH_SEARCH_PATHS = (
					"$(inherited)",
					"@executable_path/Frameworks",
				);
				MARKETING_VERSION = 1.0;
				PRODUCT_BUNDLE_IDENTIFIER = com.sesac.PassDataProject;
				PRODUCT_NAME = "$(TARGET_NAME)";
				SUPPORTED_PLATFORMS = "iphoneos iphonesimulator";
				SUPPORTS_MACCATALYST = NO;
				SUPPORTS_MAC_DESIGNED_FOR_IPHONE_IPAD = NO;
				SWIFT_EMIT_LOC_STRINGS = YES;
				SWIFT_VERSION = 5.0;
				TARGETED_DEVICE_FAMILY = 1;
			};
			name = Debug;
		};
		6E19F42E2A9DD5CC0011458E /* Release */ = {
			isa = XCBuildConfiguration;
			buildSettings = {
				ASSETCATALOG_COMPILER_APPICON_NAME = AppIcon;
				ASSETCATALOG_COMPILER_GLOBAL_ACCENT_COLOR_NAME = AccentColor;
				CODE_SIGN_STYLE = Automatic;
				CURRENT_PROJECT_VERSION = 1;
				DEVELOPMENT_TEAM = B24G869DB7;
				GENERATE_INFOPLIST_FILE = YES;
				INFOPLIST_FILE = PassDataProject/Info.plist;
				INFOPLIST_KEY_UIApplicationSupportsIndirectInputEvents = YES;
				INFOPLIST_KEY_UILaunchStoryboardName = LaunchScreen;
				INFOPLIST_KEY_UISupportedInterfaceOrientations_iPad = "UIInterfaceOrientationPortrait UIInterfaceOrientationPortraitUpsideDown UIInterfaceOrientationLandscapeLeft UIInterfaceOrientationLandscapeRight";
				INFOPLIST_KEY_UISupportedInterfaceOrientations_iPhone = "UIInterfaceOrientationPortrait UIInterfaceOrientationLandscapeLeft UIInterfaceOrientationLandscapeRight";
				LD_RUNPATH_SEARCH_PATHS = (
					"$(inherited)",
					"@executable_path/Frameworks",
				);
				MARKETING_VERSION = 1.0;
				PRODUCT_BUNDLE_IDENTIFIER = com.sesac.PassDataProject;
				PRODUCT_NAME = "$(TARGET_NAME)";
				SUPPORTED_PLATFORMS = "iphoneos iphonesimulator";
				SUPPORTS_MACCATALYST = NO;
				SUPPORTS_MAC_DESIGNED_FOR_IPHONE_IPAD = NO;
				SWIFT_EMIT_LOC_STRINGS = YES;
				SWIFT_VERSION = 5.0;
				TARGETED_DEVICE_FAMILY = 1;
			};
			name = Release;
		};
/* End XCBuildConfiguration section */

/* Begin XCConfigurationList section */
		6E19F4132A9DD5CA0011458E /* Build configuration list for PBXProject "PassDataProject" */ = {
			isa = XCConfigurationList;
			buildConfigurations = (
				6E19F42A2A9DD5CC0011458E /* Debug */,
				6E19F42B2A9DD5CC0011458E /* Release */,
			);
			defaultConfigurationIsVisible = 0;
			defaultConfigurationName = Release;
		};
		6E19F42C2A9DD5CC0011458E /* Build configuration list for PBXNativeTarget "PassDataProject" */ = {
			isa = XCConfigurationList;
			buildConfigurations = (
				6E19F42D2A9DD5CC0011458E /* Debug */,
				6E19F42E2A9DD5CC0011458E /* Release */,
			);
			defaultConfigurationIsVisible = 0;
			defaultConfigurationName = Release;
		};
/* End XCConfigurationList section */

/* Begin XCRemoteSwiftPackageReference section */
		6E19F42F2A9DE3410011458E /* XCRemoteSwiftPackageReference "Alamofire" */ = {
			isa = XCRemoteSwiftPackageReference;
			repositoryURL = "https://github.com/Alamofire/Alamofire.git";
			requirement = {
				kind = upToNextMajorVersion;
				minimumVersion = 5.0.0;
			};
		};
		6E19F4322A9DE34E0011458E /* XCRemoteSwiftPackageReference "SnapKit" */ = {
			isa = XCRemoteSwiftPackageReference;
			repositoryURL = "https://github.com/SnapKit/SnapKit.git";
			requirement = {
				kind = upToNextMajorVersion;
				minimumVersion = 5.0.0;
			};
		};
/* End XCRemoteSwiftPackageReference section */

/* Begin XCSwiftPackageProductDependency section */
		6E19F4302A9DE3410011458E /* Alamofire */ = {
			isa = XCSwiftPackageProductDependency;
			package = 6E19F42F2A9DE3410011458E /* XCRemoteSwiftPackageReference "Alamofire" */;
			productName = Alamofire;
		};
		6E19F4332A9DE34E0011458E /* SnapKit */ = {
			isa = XCSwiftPackageProductDependency;
			package = 6E19F4322A9DE34E0011458E /* XCRemoteSwiftPackageReference "SnapKit" */;
			productName = SnapKit;
		};
/* End XCSwiftPackageProductDependency section */
	};
	rootObject = 6E19F4102A9DD5CA0011458E /* Project object */;
}
